PODS:
  - Flutter (1.0.0)
  - flutter_webrtc (1.4.0):
    - Flutter
    - WebRTC-SDK (= 144.7559.01)
  - irondash_engine_context (0.0.1):
    - Flutter
  - KSCrash (2.5.1):
    - KSCrash/Installations (= 2.5.1)
  - KSCrash/Core (2.5.1)
  - KSCrash/DemangleFilter (2.5.1):
    - KSCrash/Recording
  - KSCrash/Filters (2.5.1):
    - KSCrash/Recording
    - KSCrash/RecordingCore
    - KSCrash/ReportingCore
  - KSCrash/Installations (2.5.1):
    - KSCrash/DemangleFilter
    - KSCrash/Filters
    - KSCrash/Recording
    - KSCrash/Sinks
  - KSCrash/Recording (2.5.1):
    - KSCrash/RecordingCore
  - KSCrash/RecordingCore (2.5.1):
    - KSCrash/Core
  - KSCrash/ReportingCore (2.5.1):
    - KSCrash/Core
  - KSCrash/Sinks (2.5.1):
    - KSCrash/Filters
    - KSCrash/Recording
  - livekit_client (2.8.0):
    - Flutter
    - flutter_webrtc
    - WebRTC-SDK (= 144.7559.01)
  - measure-sh (0.11.0):
    - KSCrash (~> 2.5)
    - measure-sh/WebP (= 0.11.0)
  - measure-sh/WebP (0.11.0):
    - KSCrash (~> 2.5)
  - measure_flutter (0.3.0):
    - Flutter
  - media_kit_libs_ios_video (1.0.4):
    - Flutter
  - media_kit_video (0.0.1):
    - Flutter
  - super_native_extensions (0.0.1):
    - Flutter
  - WebRTC-SDK (144.7559.01)

DEPENDENCIES:
  - Flutter (from `Flutter`)
  - flutter_webrtc (from `.symlinks/plugins/flutter_webrtc/ios`)
  - irondash_engine_context (from `.symlinks/plugins/irondash_engine_context/ios`)
  - livekit_client (from `.symlinks/plugins/livekit_client/ios`)
  - measure-sh (from `https://github.com/measure-sh/measure.git`, tag `ios-v0.11.0`)
  - measure_flutter (from `.symlinks/plugins/measure_flutter/ios`)
  - media_kit_libs_ios_video (from `.symlinks/plugins/media_kit_libs_ios_video/ios`)
  - media_kit_video (from `.symlinks/plugins/media_kit_video/ios`)
  - super_native_extensions (from `.symlinks/plugins/super_native_extensions/ios`)

SPEC REPOS:
  trunk:
    - KSCrash
    - WebRTC-SDK

EXTERNAL SOURCES:
  Flutter:
    :path: Flutter
  flutter_webrtc:
    :path: ".symlinks/plugins/flutter_webrtc/ios"
  irondash_engine_context:
    :path: ".symlinks/plugins/irondash_engine_context/ios"
  livekit_client:
    :path: ".symlinks/plugins/livekit_client/ios"
  measure-sh:
    :git: https://github.com/measure-sh/measure.git
    :submodules: true
    :tag: ios-v0.11.0
  measure_flutter:
    :path: ".symlinks/plugins/measure_flutter/ios"
  media_kit_libs_ios_video:
    :path: ".symlinks/plugins/media_kit_libs_ios_video/ios"
  media_kit_video:
    :path: ".symlinks/plugins/media_kit_video/ios"
  super_native_extensions:
    :path: ".symlinks/plugins/super_native_extensions/ios"

CHECKOUT OPTIONS:
  measure-sh:
    :git: https://github.com/measure-sh/measure.git
    :submodules: true
    :tag: ios-v0.11.0

SPEC CHECKSUMS:
  Flutter: cabc95a1d2626b1b06e7179b784ebcf0c0cde467
  flutter_webrtc: ec91d94b484ad49cf191ef93413f64a40ffd3b4c
  irondash_engine_context: 8e58ca8e0212ee9d1c7dc6a42121849986c88486
  KSCrash: 8c4464fd5da7de520f2ce4a00fdf63f169a80f18
  livekit_client: 549b62f57d4bae9385f541922b621e7ce84aae4b
  measure-sh: 653622eb0cf3ca79dd81d1a6f541b26f8814d392
  measure_flutter: 24f329e8748c6cd4c53c3694d3dbcc5f5cc11ad7
  media_kit_libs_ios_video: 5a18affdb97d1f5d466dc79988b13eff6c5e2854
  media_kit_video: 1746e198cb697d1ffb734b1d05ec429d1fcd1474
  super_native_extensions: b763c02dc3a8fd078389f410bf15149179020cb4
  WebRTC-SDK: ab9b5319e458c2bfebdc92b3600740da35d5630d

PODFILE CHECKSUM: 3b9ad37e3c37e385ecdcb2d43fe111e945e17121

COCOAPODS: 1.16.2
